{
  "requires": true,
  "lockfileVersion": 1,
  "dependencies": {
    "@types/jquery": {
      "version": "3.5.3",
      "resolved": "https://registry.npm.taobao.org/@types/jquery/download/@types/jquery-3.5.3.tgz",
      "integrity": "sha1-rcxkfkxnW9nrrn+5gOnKddWO6Mc=",
      "requires": {
        "@types/sizzle": "*"
      }
    },
    "@types/sizzle": {
      "version": "2.3.2",
      "resolved": "https://registry.npm.taobao.org/@types/sizzle/download/@types/sizzle-2.3.2.tgz",
      "integrity": "sha1-qBG4wY4rq6t9VCszZYh64uTZ3kc="
    }
  }
}
